{
  "version": 4,
  "terraform_version": "0.12.24",
  "serial": 116,
  "lineage": "b44d2c8f-369f-0725-2aa3-8722cedb3c3a",
  "outputs": {
    "config_map_aws_auth": {
      "value": "\n\napiVersion: v1\nkind: ConfigMap\nmetadata:\n  name: aws-auth\n  namespace: kube-system\ndata:\n  mapRoles: |\n    - rolearn: arn:aws:iam::003366844424:role/terraform-eks-demo-node\n      username: system:node:{{EC2PrivateDNSName}}\n      groups:\n        - system:bootstrappers\n        - system:nodes\n",
      "type": "string"
    },
    "kubeconfig": {
      "value": "\n\napiVersion: v1\nclusters:\n- cluster:\n    server: https://8E4A2C2AA60EB46C808FD257AED0EA42.gr7.us-west-2.eks.amazonaws.com\n    certificate-authority-data: LS0tLS1CRUdJTiBDRVJUSUZJQ0FURS0tLS0tCk1JSUN5RENDQWJDZ0F3SUJBZ0lCQURBTkJna3Foa2lHOXcwQkFRc0ZBREFWTVJNd0VRWURWUVFERXdwcmRXSmwKY201bGRHVnpNQjRYRFRJd01EY3hPREE0TlRZd01Wb1hEVE13TURjeE5qQTROVFl3TVZvd0ZURVRNQkVHQTFVRQpBeE1LYTNWaVpYSnVaWFJsY3pDQ0FTSXdEUVlKS29aSWh2Y05BUUVCQlFBRGdnRVBBRENDQVFvQ2dnRUJBT3c3CjgwK2gwMkRTVnFrOGN0dmNyWlZhYVJxMTFNYUlIY0ZHUENvb0pvK1J0bndDc0oxaThwTDkyWFpTcW1GQnJvMUIKeUszVEo4VTN3MERZZnk2KytOWEFOeFg4b2FOSGt4dkNRK0xJOTBvQWx4NENRTFBlUDl3ZFBSSG1aNEtOYmF0SAplZWFHSDFXUkIwcmU1blNsUUsvOHRYK3FXNmJWb0hoQVFTcHA4M2lxVjFDQWF1T3ZDYUk5VmlUZUovZEhCOUg0CkNRUDRQbVh1MlBac3AzN09SZkJEeHA2bUk2TUg3Mko3QVJrRHdBdFhxTjdZaE9wMkpPVHFONE5manVTMStyK20KYkJyUG5CcWRhRnYvcDV6Uk5MMXBucXFmTWZySDI1WXNnSUFuc2JvSnB3THltZE9jNzJLVTBaYklvVTN2akM0Rwo0ZG1wdHVjMUQvVEpZb2pTM2RFQ0F3RUFBYU1qTUNFd0RnWURWUjBQQVFIL0JBUURBZ0trTUE4R0ExVWRFd0VCCi93UUZNQU1CQWY4d0RRWUpLb1pJaHZjTkFRRUxCUUFEZ2dFQkFDbGlrQkJDRk9tYUhvQXVBeFhyeUYxbkgvOE8KSnhyTHFMSkJSdURvSUVlb1o1Q0M3aXI5djd5Z1ZaL0hBWDdLeDhlSktrVlE3dytXU3Zrd1hIekRtbGI5Q3pYeApvNndKT1dFWkVrZXc1dlFZcmRlZXZjT085ZWVkL3Y2MlNzK2hrWW80UDF6U1BxbERlUVFNSCtvR1NIbkRlbXVrCjZ2bHAxQUYrcHJlb1E5UUZQU0JZMmVsTUJ6RzVrZFBxY0hra0ZsdHFiVEZmOUJlRzhhb1pwOStadWdVUGVzbjcKTk85UXplTU1SQlFUbGEyeUdUYjBMbXl4S1FWWDJEWjJtQ0ptdFgrVGRmMDUwdzBrKzhlQWhEbDNYemY3K21kUgp0T3dxNFBObkdaSkV0a3FUZ3JMa2Fqc0IrYk5NUXFwbUVaSExIUkxzYy9UTFBUUXpwUTV1elhjejdZMD0KLS0tLS1FTkQgQ0VSVElGSUNBVEUtLS0tLQo=\n  name: kubernetes\ncontexts:\n- context:\n    cluster: kubernetes\n    user: aws\n  name: aws\ncurrent-context: aws\nkind: Config\npreferences: {}\nusers:\n- name: aws\n  user:\n    exec:\n      apiVersion: client.authentication.k8s.io/v1alpha1\n      command: aws-iam-authenticator\n      args:\n        - \"token\"\n        - \"-i\"\n        - \"terraform-eks-demo\"\n",
      "type": "string"
    }
  },
  "resources": [
    {
      "mode": "data",
      "type": "aws_availability_zones",
      "name": "available",
      "provider": "provider.aws",
      "instances": [
        {
          "schema_version": 0,
          "attributes": {
            "all_availability_zones": null,
            "blacklisted_names": null,
            "blacklisted_zone_ids": null,
            "exclude_names": null,
            "exclude_zone_ids": null,
            "filter": null,
            "group_names": [
              "us-west-2"
            ],
            "id": "2020-07-18 14:46:31.565660426 +0000 UTC",
            "names": [
              "us-west-2a",
              "us-west-2b",
              "us-west-2c",
              "us-west-2d"
            ],
            "state": null,
            "zone_ids": [
              "usw2-az1",
              "usw2-az2",
              "usw2-az3",
              "usw2-az4"
            ]
          }
        }
      ]
    },
    {
      "mode": "data",
      "type": "aws_region",
      "name": "current",
      "provider": "provider.aws",
      "instances": [
        {
          "schema_version": 0,
          "attributes": {
            "current": null,
            "description": "US West (Oregon)",
            "endpoint": "ec2.us-west-2.amazonaws.com",
            "id": "us-west-2",
            "name": "us-west-2"
          }
        }
      ]
    },
    {
      "mode": "data",
      "type": "helm_repository",
      "name": "stable",
      "provider": "provider.helm",
      "instances": [
        {
          "schema_version": 0,
          "attributes": {
            "ca_file": null,
            "cert_file": null,
            "id": "stable",
            "key_file": null,
            "metadata": [
              {
                "name": "stable",
                "url": "https://kubernetes-charts.storage.googleapis.com"
              }
            ],
            "name": "stable",
            "password": null,
            "url": "https://kubernetes-charts.storage.googleapis.com",
            "username": null
          }
        }
      ]
    },
    {
      "mode": "data",
      "type": "http",
      "name": "workstation-external-ip",
      "provider": "provider.http",
      "instances": [
        {
          "schema_version": 0,
          "attributes": {
            "body": "49.206.13.206\n",
            "id": "2020-07-18 14:46:25.781931228 +0000 UTC",
            "request_headers": null,
            "response_headers": {
              "Access-Control-Allow-Methods": "GET",
              "Access-Control-Allow-Origin": "*",
              "Content-Length": "14",
              "Content-Type": "text/plain; charset=UTF-8",
              "Date": "Sat, 18 Jul 2020 14:46:25 GMT",
              "Server": "nginx",
              "X-Rtfm": "Learn about this site at http://bit.ly/icanhazip-faq and do not abuse the service.",
              "X-Security": "This site DOES NOT distribute malware. Get the facts. https://goo.gl/1FhVpg"
            },
            "url": "http://ipv4.icanhazip.com"
          }
        }
      ]
    },
    {
      "mode": "managed",
      "type": "aws_eip",
      "name": "nat",
      "each": "list",
      "provider": "provider.aws",
      "instances": [
        {
          "index_key": 0,
          "schema_version": 0,
          "attributes": {
            "allocation_id": null,
            "associate_with_private_ip": null,
            "association_id": "eipassoc-0de2be2af2203afff",
            "customer_owned_ip": "",
            "customer_owned_ipv4_pool": "",
            "domain": "vpc",
            "id": "eipalloc-0606547c3015abd5a",
            "instance": "",
            "network_interface": "eni-02e053366d7903085",
            "private_dns": "ip-10-0-0-90.us-west-2.compute.internal",
            "private_ip": "10.0.0.90",
            "public_dns": "ec2-54-189-158-51.us-west-2.compute.amazonaws.com",
            "public_ip": "54.189.158.51",
            "public_ipv4_pool": "amazon",
            "tags": {
              "Name": "Demo"
            },
            "timeouts": null,
            "vpc": true
          },
          "private": "eyJlMmJmYjczMC1lY2FhLTExZTYtOGY4OC0zNDM2M2JjN2M0YzAiOnsiZGVsZXRlIjoxODAwMDAwMDAwMDAsInJlYWQiOjkwMDAwMDAwMDAwMCwidXBkYXRlIjozMDAwMDAwMDAwMDB9fQ=="
        }
      ]
    },
    {
      "mode": "managed",
      "type": "aws_eks_cluster",
      "name": "demo",
      "provider": "provider.aws",
      "instances": [
        {
          "schema_version": 0,
          "attributes": {
            "arn": "arn:aws:eks:us-west-2:003366844424:cluster/terraform-eks-demo",
            "certificate_authority": [
              {
                "data": "LS0tLS1CRUdJTiBDRVJUSUZJQ0FURS0tLS0tCk1JSUN5RENDQWJDZ0F3SUJBZ0lCQURBTkJna3Foa2lHOXcwQkFRc0ZBREFWTVJNd0VRWURWUVFERXdwcmRXSmwKY201bGRHVnpNQjRYRFRJd01EY3hPREE0TlRZd01Wb1hEVE13TURjeE5qQTROVFl3TVZvd0ZURVRNQkVHQTFVRQpBeE1LYTNWaVpYSnVaWFJsY3pDQ0FTSXdEUVlKS29aSWh2Y05BUUVCQlFBRGdnRVBBRENDQVFvQ2dnRUJBT3c3CjgwK2gwMkRTVnFrOGN0dmNyWlZhYVJxMTFNYUlIY0ZHUENvb0pvK1J0bndDc0oxaThwTDkyWFpTcW1GQnJvMUIKeUszVEo4VTN3MERZZnk2KytOWEFOeFg4b2FOSGt4dkNRK0xJOTBvQWx4NENRTFBlUDl3ZFBSSG1aNEtOYmF0SAplZWFHSDFXUkIwcmU1blNsUUsvOHRYK3FXNmJWb0hoQVFTcHA4M2lxVjFDQWF1T3ZDYUk5VmlUZUovZEhCOUg0CkNRUDRQbVh1MlBac3AzN09SZkJEeHA2bUk2TUg3Mko3QVJrRHdBdFhxTjdZaE9wMkpPVHFONE5manVTMStyK20KYkJyUG5CcWRhRnYvcDV6Uk5MMXBucXFmTWZySDI1WXNnSUFuc2JvSnB3THltZE9jNzJLVTBaYklvVTN2akM0Rwo0ZG1wdHVjMUQvVEpZb2pTM2RFQ0F3RUFBYU1qTUNFd0RnWURWUjBQQVFIL0JBUURBZ0trTUE4R0ExVWRFd0VCCi93UUZNQU1CQWY4d0RRWUpLb1pJaHZjTkFRRUxCUUFEZ2dFQkFDbGlrQkJDRk9tYUhvQXVBeFhyeUYxbkgvOE8KSnhyTHFMSkJSdURvSUVlb1o1Q0M3aXI5djd5Z1ZaL0hBWDdLeDhlSktrVlE3dytXU3Zrd1hIekRtbGI5Q3pYeApvNndKT1dFWkVrZXc1dlFZcmRlZXZjT085ZWVkL3Y2MlNzK2hrWW80UDF6U1BxbERlUVFNSCtvR1NIbkRlbXVrCjZ2bHAxQUYrcHJlb1E5UUZQU0JZMmVsTUJ6RzVrZFBxY0hra0ZsdHFiVEZmOUJlRzhhb1pwOStadWdVUGVzbjcKTk85UXplTU1SQlFUbGEyeUdUYjBMbXl4S1FWWDJEWjJtQ0ptdFgrVGRmMDUwdzBrKzhlQWhEbDNYemY3K21kUgp0T3dxNFBObkdaSkV0a3FUZ3JMa2Fqc0IrYk5NUXFwbUVaSExIUkxzYy9UTFBUUXpwUTV1elhjejdZMD0KLS0tLS1FTkQgQ0VSVElGSUNBVEUtLS0tLQo="
              }
            ],
            "created_at": "2020-07-18 08:48:26 +0000 UTC",
            "enabled_cluster_log_types": [],
            "encryption_config": [],
            "endpoint": "https://8E4A2C2AA60EB46C808FD257AED0EA42.gr7.us-west-2.eks.amazonaws.com",
            "id": "terraform-eks-demo",
            "identity": [
              {
                "oidc": [
                  {
                    "issuer": "https://oidc.eks.us-west-2.amazonaws.com/id/8E4A2C2AA60EB46C808FD257AED0EA42"
                  }
                ]
              }
            ],
            "name": "terraform-eks-demo",
            "platform_version": "eks.2",
            "role_arn": "arn:aws:iam::003366844424:role/terraform-eks-demo-cluster",
            "status": "ACTIVE",
            "tags": {},
            "timeouts": null,
            "version": "1.16",
            "vpc_config": [
              {
                "cluster_security_group_id": "sg-09a5bb3dc4a922888",
                "endpoint_private_access": false,
                "endpoint_public_access": true,
                "public_access_cidrs": [
                  "0.0.0.0/0"
                ],
                "security_group_ids": [
                  "sg-0f32317e1454cd4b3"
                ],
                "subnet_ids": [
                  "subnet-06c165f4abf7e689e",
                  "subnet-0d6144ee3461f398a"
                ],
                "vpc_id": "vpc-0fc289e1c212d0166"
              }
            ]
          },
          "private": "eyJlMmJmYjczMC1lY2FhLTExZTYtOGY4OC0zNDM2M2JjN2M0YzAiOnsiY3JlYXRlIjoxODAwMDAwMDAwMDAwLCJkZWxldGUiOjkwMDAwMDAwMDAwMCwidXBkYXRlIjozNjAwMDAwMDAwMDAwfX0=",
          "dependencies": [
            "aws_iam_role.demo-cluster",
            "aws_iam_role_policy_attachment.demo-cluster-AmazonEKSClusterPolicy",
            "aws_iam_role_policy_attachment.demo-cluster-AmazonEKSServicePolicy",
            "aws_security_group.demo-cluster",
            "aws_subnet.demo",
            "aws_vpc.demo"
          ]
        }
      ]
    },
    {
      "mode": "managed",
      "type": "aws_eks_node_group",
      "name": "demo",
      "provider": "provider.aws",
      "instances": [
        {
          "schema_version": 0,
          "attributes": {
            "ami_type": "AL2_x86_64",
            "arn": "arn:aws:eks:us-west-2:003366844424:nodegroup/terraform-eks-demo/demo/80b9b092-a345-f169-f685-422b77091a9f",
            "cluster_name": "terraform-eks-demo",
            "disk_size": 20,
            "force_update_version": null,
            "id": "terraform-eks-demo:demo",
            "instance_types": [
              "t3.medium"
            ],
            "labels": {},
            "node_group_name": "demo",
            "node_role_arn": "arn:aws:iam::003366844424:role/terraform-eks-demo-node",
            "release_version": "1.16.12-20200710",
            "remote_access": [],
            "resources": [
              {
                "autoscaling_groups": [
                  {
                    "name": "eks-80b9b092-a345-f169-f685-422b77091a9f"
                  }
                ],
                "remote_access_security_group_id": ""
              }
            ],
            "scaling_config": [
              {
                "desired_size": 1,
                "max_size": 1,
                "min_size": 1
              }
            ],
            "status": "ACTIVE",
            "subnet_ids": [
              "subnet-06c165f4abf7e689e",
              "subnet-0d6144ee3461f398a"
            ],
            "tags": {},
            "timeouts": null,
            "version": "1.16"
          },
          "private": "eyJlMmJmYjczMC1lY2FhLTExZTYtOGY4OC0zNDM2M2JjN2M0YzAiOnsiY3JlYXRlIjozNjAwMDAwMDAwMDAwLCJkZWxldGUiOjM2MDAwMDAwMDAwMDAsInVwZGF0ZSI6MzYwMDAwMDAwMDAwMH19",
          "dependencies": [
            "aws_eks_cluster.demo",
            "aws_iam_role.demo-cluster",
            "aws_iam_role.demo-node",
            "aws_iam_role_policy_attachment.demo-cluster-AmazonEKSClusterPolicy",
            "aws_iam_role_policy_attachment.demo-cluster-AmazonEKSServicePolicy",
            "aws_iam_role_policy_attachment.demo-node-AmazonEC2ContainerRegistryReadOnly",
            "aws_iam_role_policy_attachment.demo-node-AmazonEKSWorkerNodePolicy",
            "aws_iam_role_policy_attachment.demo-node-AmazonEKS_CNI_Policy",
            "aws_security_group.demo-cluster",
            "aws_subnet.demo",
            "aws_vpc.demo"
          ]
        }
      ]
    },
    {
      "mode": "managed",
      "type": "aws_eks_node_group",
      "name": "demo_private",
      "provider": "provider.aws",
      "instances": [
        {
          "schema_version": 0,
          "attributes": {
            "ami_type": "AL2_x86_64",
            "arn": "arn:aws:eks:us-west-2:003366844424:nodegroup/terraform-eks-demo/demo_private/dcb9b0c8-5232-0787-bc55-bf1ef5c4d130",
            "cluster_name": "terraform-eks-demo",
            "disk_size": 20,
            "force_update_version": null,
            "id": "terraform-eks-demo:demo_private",
            "instance_types": [
              "t3.medium"
            ],
            "labels": {},
            "node_group_name": "demo_private",
            "node_role_arn": "arn:aws:iam::003366844424:role/terraform-eks-demo-node",
            "release_version": "1.16.12-20200710",
            "remote_access": [],
            "resources": [
              {
                "autoscaling_groups": [
                  {
                    "name": "eks-dcb9b0c8-5232-0787-bc55-bf1ef5c4d130"
                  }
                ],
                "remote_access_security_group_id": ""
              }
            ],
            "scaling_config": [
              {
                "desired_size": 1,
                "max_size": 1,
                "min_size": 1
              }
            ],
            "status": "ACTIVE",
            "subnet_ids": [
              "subnet-02a5a1abd6ab11114",
              "subnet-06a1d442cd5d84ffa"
            ],
            "tags": {},
            "timeouts": null,
            "version": "1.16"
          },
          "private": "eyJlMmJmYjczMC1lY2FhLTExZTYtOGY4OC0zNDM2M2JjN2M0YzAiOnsiY3JlYXRlIjozNjAwMDAwMDAwMDAwLCJkZWxldGUiOjM2MDAwMDAwMDAwMDAsInVwZGF0ZSI6MzYwMDAwMDAwMDAwMH19",
          "dependencies": [
            "aws_eks_cluster.demo",
            "aws_iam_role.demo-node",
            "aws_iam_role_policy_attachment.demo-node-AmazonEC2ContainerRegistryReadOnly",
            "aws_iam_role_policy_attachment.demo-node-AmazonEKSWorkerNodePolicy",
            "aws_iam_role_policy_attachment.demo-node-AmazonEKS_CNI_Policy",
            "aws_subnet.demo_private"
          ]
        }
      ]
    },
    {
      "mode": "managed",
      "type": "aws_iam_role",
      "name": "demo-cluster",
      "provider": "provider.aws",
      "instances": [
        {
          "schema_version": 0,
          "attributes": {
            "arn": "arn:aws:iam::003366844424:role/terraform-eks-demo-cluster",
            "assume_role_policy": "{\"Version\":\"2012-10-17\",\"Statement\":[{\"Effect\":\"Allow\",\"Principal\":{\"Service\":\"eks.amazonaws.com\"},\"Action\":\"sts:AssumeRole\"}]}",
            "create_date": "2020-07-18T08:29:43Z",
            "description": "",
            "force_detach_policies": false,
            "id": "terraform-eks-demo-cluster",
            "max_session_duration": 3600,
            "name": "terraform-eks-demo-cluster",
            "name_prefix": null,
            "path": "/",
            "permissions_boundary": null,
            "tags": {},
            "unique_id": "AROAQBSFN7AEJEQ5NMIDC"
          },
          "private": "bnVsbA=="
        }
      ]
    },
    {
      "mode": "managed",
      "type": "aws_iam_role",
      "name": "demo-node",
      "provider": "provider.aws",
      "instances": [
        {
          "schema_version": 0,
          "attributes": {
            "arn": "arn:aws:iam::003366844424:role/terraform-eks-demo-node",
            "assume_role_policy": "{\"Version\":\"2012-10-17\",\"Statement\":[{\"Effect\":\"Allow\",\"Principal\":{\"Service\":\"ec2.amazonaws.com\"},\"Action\":\"sts:AssumeRole\"}]}",
            "create_date": "2020-07-18T08:29:43Z",
            "description": "",
            "force_detach_policies": false,
            "id": "terraform-eks-demo-node",
            "max_session_duration": 3600,
            "name": "terraform-eks-demo-node",
            "name_prefix": null,
            "path": "/",
            "permissions_boundary": null,
            "tags": {},
            "unique_id": "AROAQBSFN7AEOP2XHEBVA"
          },
          "private": "bnVsbA=="
        }
      ]
    },
    {
      "mode": "managed",
      "type": "aws_iam_role_policy_attachment",
      "name": "demo-cluster-AmazonEKSClusterPolicy",
      "provider": "provider.aws",
      "instances": [
        {
          "schema_version": 0,
          "attributes": {
            "id": "terraform-eks-demo-cluster-20200714182158294300000004",
            "policy_arn": "arn:aws:iam::aws:policy/AmazonEKSClusterPolicy",
            "role": "terraform-eks-demo-cluster"
          },
          "private": "bnVsbA==",
          "dependencies": [
            "aws_iam_role.demo-cluster"
          ]
        }
      ]
    },
    {
      "mode": "managed",
      "type": "aws_iam_role_policy_attachment",
      "name": "demo-cluster-AmazonEKSServicePolicy",
      "provider": "provider.aws",
      "instances": [
        {
          "schema_version": 0,
          "attributes": {
            "id": "terraform-eks-demo-cluster-20200714182158290400000003",
            "policy_arn": "arn:aws:iam::aws:policy/AmazonEKSServicePolicy",
            "role": "terraform-eks-demo-cluster"
          },
          "private": "bnVsbA==",
          "dependencies": [
            "aws_iam_role.demo-cluster"
          ]
        }
      ]
    },
    {
      "mode": "managed",
      "type": "aws_iam_role_policy_attachment",
      "name": "demo-node-AmazonEC2ContainerRegistryReadOnly",
      "provider": "provider.aws",
      "instances": [
        {
          "schema_version": 0,
          "attributes": {
            "id": "terraform-eks-demo-node-20200714182158250100000001",
            "policy_arn": "arn:aws:iam::aws:policy/AmazonEC2ContainerRegistryReadOnly",
            "role": "terraform-eks-demo-node"
          },
          "private": "bnVsbA==",
          "dependencies": [
            "aws_iam_role.demo-node"
          ]
        }
      ]
    },
    {
      "mode": "managed",
      "type": "aws_iam_role_policy_attachment",
      "name": "demo-node-AmazonEKSWorkerNodePolicy",
      "provider": "provider.aws",
      "instances": [
        {
          "schema_version": 0,
          "attributes": {
            "id": "terraform-eks-demo-node-20200714182158414800000005",
            "policy_arn": "arn:aws:iam::aws:policy/AmazonEKSWorkerNodePolicy",
            "role": "terraform-eks-demo-node"
          },
          "private": "bnVsbA==",
          "dependencies": [
            "aws_iam_role.demo-node"
          ]
        }
      ]
    },
    {
      "mode": "managed",
      "type": "aws_iam_role_policy_attachment",
      "name": "demo-node-AmazonEKS_CNI_Policy",
      "provider": "provider.aws",
      "instances": [
        {
          "schema_version": 0,
          "attributes": {
            "id": "terraform-eks-demo-node-20200714182158271400000002",
            "policy_arn": "arn:aws:iam::aws:policy/AmazonEKS_CNI_Policy",
            "role": "terraform-eks-demo-node"
          },
          "private": "bnVsbA==",
          "dependencies": [
            "aws_iam_role.demo-node"
          ]
        }
      ]
    },
    {
      "mode": "managed",
      "type": "aws_internet_gateway",
      "name": "demo",
      "provider": "provider.aws",
      "instances": [
        {
          "schema_version": 0,
          "attributes": {
            "arn": "arn:aws:ec2:us-west-2:003366844424:internet-gateway/igw-0eb0954faab245e08",
            "id": "igw-0eb0954faab245e08",
            "owner_id": "003366844424",
            "tags": {
              "Name": "terraform-eks-demo"
            },
            "vpc_id": "vpc-0fc289e1c212d0166"
          },
          "private": "bnVsbA==",
          "dependencies": [
            "aws_vpc.demo"
          ]
        }
      ]
    },
    {
      "mode": "managed",
      "type": "aws_nat_gateway",
      "name": "nat_gateway",
      "each": "list",
      "provider": "provider.aws",
      "instances": [
        {
          "index_key": 0,
          "schema_version": 0,
          "attributes": {
            "allocation_id": "eipalloc-0606547c3015abd5a",
            "id": "nat-0fbd9d0006675a586",
            "network_interface_id": "eni-02e053366d7903085",
            "private_ip": "10.0.0.90",
            "public_ip": "54.189.158.51",
            "subnet_id": "subnet-0d6144ee3461f398a",
            "tags": {
              "Name": "Demo"
            }
          },
          "private": "bnVsbA==",
          "dependencies": [
            "aws_eip.nat",
            "aws_subnet.demo"
          ]
        }
      ]
    },
    {
      "mode": "managed",
      "type": "aws_route_table",
      "name": "demo",
      "provider": "provider.aws",
      "instances": [
        {
          "schema_version": 0,
          "attributes": {
            "id": "rtb-0da7d06db08b3999a",
            "owner_id": "003366844424",
            "propagating_vgws": [],
            "route": [
              {
                "cidr_block": "0.0.0.0/0",
                "egress_only_gateway_id": "",
                "gateway_id": "igw-0eb0954faab245e08",
                "instance_id": "",
                "ipv6_cidr_block": "",
                "nat_gateway_id": "",
                "network_interface_id": "",
                "transit_gateway_id": "",
                "vpc_peering_connection_id": ""
              }
            ],
            "tags": {},
            "vpc_id": "vpc-0fc289e1c212d0166"
          },
          "private": "bnVsbA==",
          "dependencies": [
            "aws_internet_gateway.demo",
            "aws_vpc.demo"
          ]
        }
      ]
    },
    {
      "mode": "managed",
      "type": "aws_route_table",
      "name": "demo_private",
      "provider": "provider.aws",
      "instances": [
        {
          "schema_version": 0,
          "attributes": {
            "id": "rtb-01b5c62bcd985f7a8",
            "owner_id": "003366844424",
            "propagating_vgws": [],
            "route": [
              {
                "cidr_block": "0.0.0.0/0",
                "egress_only_gateway_id": "",
                "gateway_id": "",
                "instance_id": "",
                "ipv6_cidr_block": "",
                "nat_gateway_id": "nat-0fbd9d0006675a586",
                "network_interface_id": "",
                "transit_gateway_id": "",
                "vpc_peering_connection_id": ""
              }
            ],
            "tags": {},
            "vpc_id": "vpc-0fc289e1c212d0166"
          },
          "private": "bnVsbA==",
          "dependencies": [
            "aws_nat_gateway.nat_gateway",
            "aws_vpc.demo"
          ]
        }
      ]
    },
    {
      "mode": "managed",
      "type": "aws_route_table_association",
      "name": "demo",
      "each": "list",
      "provider": "provider.aws",
      "instances": [
        {
          "index_key": 0,
          "schema_version": 0,
          "attributes": {
            "gateway_id": null,
            "id": "rtbassoc-0dd68ea016e965a64",
            "route_table_id": "rtb-0da7d06db08b3999a",
            "subnet_id": "subnet-0d6144ee3461f398a"
          },
          "private": "bnVsbA==",
          "dependencies": [
            "aws_internet_gateway.demo",
            "aws_route_table.demo",
            "aws_subnet.demo",
            "aws_vpc.demo"
          ]
        },
        {
          "index_key": 1,
          "schema_version": 0,
          "attributes": {
            "gateway_id": null,
            "id": "rtbassoc-052a08107180c70c8",
            "route_table_id": "rtb-0da7d06db08b3999a",
            "subnet_id": "subnet-06c165f4abf7e689e"
          },
          "private": "bnVsbA==",
          "dependencies": [
            "aws_route_table.demo",
            "aws_subnet.demo",
            "aws_vpc.demo"
          ]
        }
      ]
    },
    {
      "mode": "managed",
      "type": "aws_route_table_association",
      "name": "demo_private",
      "each": "list",
      "provider": "provider.aws",
      "instances": [
        {
          "index_key": 0,
          "schema_version": 0,
          "attributes": {
            "gateway_id": null,
            "id": "rtbassoc-0d3229737838ecdf3",
            "route_table_id": "rtb-01b5c62bcd985f7a8",
            "subnet_id": "subnet-02a5a1abd6ab11114"
          },
          "private": "bnVsbA==",
          "dependencies": [
            "aws_route_table.demo_private",
            "aws_subnet.demo_private",
            "aws_vpc.demo"
          ]
        },
        {
          "index_key": 1,
          "schema_version": 0,
          "attributes": {
            "gateway_id": null,
            "id": "rtbassoc-0e5d0762307173178",
            "route_table_id": "rtb-01b5c62bcd985f7a8",
            "subnet_id": "subnet-06a1d442cd5d84ffa"
          },
          "private": "bnVsbA==",
          "dependencies": [
            "aws_route_table.demo_private",
            "aws_subnet.demo_private"
          ]
        }
      ]
    },
    {
      "mode": "managed",
      "type": "aws_security_group",
      "name": "demo-cluster",
      "provider": "provider.aws",
      "instances": [
        {
          "schema_version": 1,
          "attributes": {
            "arn": "arn:aws:ec2:us-west-2:003366844424:security-group/sg-0f32317e1454cd4b3",
            "description": "Cluster communication with worker nodes",
            "egress": [
              {
                "cidr_blocks": [
                  "0.0.0.0/0"
                ],
                "description": "",
                "from_port": 0,
                "ipv6_cidr_blocks": [],
                "prefix_list_ids": [],
                "protocol": "-1",
                "security_groups": [],
                "self": false,
                "to_port": 0
              }
            ],
            "id": "sg-0f32317e1454cd4b3",
            "ingress": [
              {
                "cidr_blocks": [
                  "49.206.13.206/32"
                ],
                "description": "",
                "from_port": 80,
                "ipv6_cidr_blocks": [],
                "prefix_list_ids": [],
                "protocol": "tcp",
                "security_groups": [],
                "self": false,
                "to_port": 80
              },
              {
                "cidr_blocks": [
                  "49.206.13.206/32"
                ],
                "description": "Allow workstation to communicate with the cluster API Server",
                "from_port": 443,
                "ipv6_cidr_blocks": [],
                "prefix_list_ids": [],
                "protocol": "tcp",
                "security_groups": [],
                "self": false,
                "to_port": 443
              }
            ],
            "name": "terraform-eks-demo-cluster",
            "name_prefix": null,
            "owner_id": "003366844424",
            "revoke_rules_on_delete": false,
            "tags": {
              "Name": "terraform-eks-demo"
            },
            "timeouts": null,
            "vpc_id": "vpc-0fc289e1c212d0166"
          },
          "private": "eyJlMmJmYjczMC1lY2FhLTExZTYtOGY4OC0zNDM2M2JjN2M0YzAiOnsiY3JlYXRlIjo2MDAwMDAwMDAwMDAsImRlbGV0ZSI6NjAwMDAwMDAwMDAwfSwic2NoZW1hX3ZlcnNpb24iOiIxIn0=",
          "dependencies": [
            "aws_vpc.demo"
          ]
        }
      ]
    },
    {
      "mode": "managed",
      "type": "aws_security_group_rule",
      "name": "demo-cluster-ingress-workstation-https",
      "provider": "provider.aws",
      "instances": [
        {
          "schema_version": 2,
          "attributes": {
            "cidr_blocks": [
              "49.206.13.206/32"
            ],
            "description": "Allow workstation to communicate with the cluster API Server",
            "from_port": 443,
            "id": "sgrule-905487263",
            "ipv6_cidr_blocks": [],
            "prefix_list_ids": [],
            "protocol": "tcp",
            "security_group_id": "sg-0f32317e1454cd4b3",
            "self": false,
            "source_security_group_id": null,
            "to_port": 443,
            "type": "ingress"
          },
          "private": "eyJzY2hlbWFfdmVyc2lvbiI6IjIifQ==",
          "dependencies": [
            "aws_security_group.demo-cluster"
          ]
        }
      ]
    },
    {
      "mode": "managed",
      "type": "aws_subnet",
      "name": "demo",
      "each": "list",
      "provider": "provider.aws",
      "instances": [
        {
          "index_key": 0,
          "schema_version": 1,
          "attributes": {
            "arn": "arn:aws:ec2:us-west-2:003366844424:subnet/subnet-0d6144ee3461f398a",
            "assign_ipv6_address_on_creation": false,
            "availability_zone": "us-west-2a",
            "availability_zone_id": "usw2-az1",
            "cidr_block": "10.0.0.0/24",
            "id": "subnet-0d6144ee3461f398a",
            "ipv6_cidr_block": "",
            "ipv6_cidr_block_association_id": "",
            "map_public_ip_on_launch": true,
            "outpost_arn": "",
            "owner_id": "003366844424",
            "tags": {
              "Name": "terraform-eks-demo-node",
              "kubernetes.io/cluster/terraform-eks-demo": "shared"
            },
            "timeouts": null,
            "vpc_id": "vpc-0fc289e1c212d0166"
          },
          "private": "eyJlMmJmYjczMC1lY2FhLTExZTYtOGY4OC0zNDM2M2JjN2M0YzAiOnsiY3JlYXRlIjo2MDAwMDAwMDAwMDAsImRlbGV0ZSI6MTIwMDAwMDAwMDAwMH0sInNjaGVtYV92ZXJzaW9uIjoiMSJ9",
          "dependencies": [
            "aws_vpc.demo"
          ]
        },
        {
          "index_key": 1,
          "schema_version": 1,
          "attributes": {
            "arn": "arn:aws:ec2:us-west-2:003366844424:subnet/subnet-06c165f4abf7e689e",
            "assign_ipv6_address_on_creation": false,
            "availability_zone": "us-west-2b",
            "availability_zone_id": "usw2-az2",
            "cidr_block": "10.0.1.0/24",
            "id": "subnet-06c165f4abf7e689e",
            "ipv6_cidr_block": "",
            "ipv6_cidr_block_association_id": "",
            "map_public_ip_on_launch": true,
            "outpost_arn": "",
            "owner_id": "003366844424",
            "tags": {
              "Name": "terraform-eks-demo-node",
              "kubernetes.io/cluster/terraform-eks-demo": "shared"
            },
            "timeouts": null,
            "vpc_id": "vpc-0fc289e1c212d0166"
          },
          "private": "eyJlMmJmYjczMC1lY2FhLTExZTYtOGY4OC0zNDM2M2JjN2M0YzAiOnsiY3JlYXRlIjo2MDAwMDAwMDAwMDAsImRlbGV0ZSI6MTIwMDAwMDAwMDAwMH0sInNjaGVtYV92ZXJzaW9uIjoiMSJ9",
          "dependencies": [
            "aws_vpc.demo"
          ]
        }
      ]
    },
    {
      "mode": "managed",
      "type": "aws_subnet",
      "name": "demo_private",
      "each": "list",
      "provider": "provider.aws",
      "instances": [
        {
          "index_key": 0,
          "schema_version": 1,
          "attributes": {
            "arn": "arn:aws:ec2:us-west-2:003366844424:subnet/subnet-02a5a1abd6ab11114",
            "assign_ipv6_address_on_creation": false,
            "availability_zone": "us-west-2a",
            "availability_zone_id": "usw2-az1",
            "cidr_block": "10.0.255.0/24",
            "id": "subnet-02a5a1abd6ab11114",
            "ipv6_cidr_block": "",
            "ipv6_cidr_block_association_id": "",
            "map_public_ip_on_launch": true,
            "outpost_arn": "",
            "owner_id": "003366844424",
            "tags": {
              "Name": "terraform-eks-demo-node",
              "kubernetes.io/cluster/terraform-eks-demo": "shared"
            },
            "timeouts": null,
            "vpc_id": "vpc-0fc289e1c212d0166"
          },
          "private": "eyJlMmJmYjczMC1lY2FhLTExZTYtOGY4OC0zNDM2M2JjN2M0YzAiOnsiY3JlYXRlIjo2MDAwMDAwMDAwMDAsImRlbGV0ZSI6MTIwMDAwMDAwMDAwMH0sInNjaGVtYV92ZXJzaW9uIjoiMSJ9",
          "dependencies": [
            "aws_vpc.demo"
          ]
        },
        {
          "index_key": 1,
          "schema_version": 1,
          "attributes": {
            "arn": "arn:aws:ec2:us-west-2:003366844424:subnet/subnet-06a1d442cd5d84ffa",
            "assign_ipv6_address_on_creation": false,
            "availability_zone": "us-west-2b",
            "availability_zone_id": "usw2-az2",
            "cidr_block": "10.0.254.0/24",
            "id": "subnet-06a1d442cd5d84ffa",
            "ipv6_cidr_block": "",
            "ipv6_cidr_block_association_id": "",
            "map_public_ip_on_launch": true,
            "outpost_arn": "",
            "owner_id": "003366844424",
            "tags": {
              "Name": "terraform-eks-demo-node",
              "kubernetes.io/cluster/terraform-eks-demo": "shared"
            },
            "timeouts": null,
            "vpc_id": "vpc-0fc289e1c212d0166"
          },
          "private": "eyJlMmJmYjczMC1lY2FhLTExZTYtOGY4OC0zNDM2M2JjN2M0YzAiOnsiY3JlYXRlIjo2MDAwMDAwMDAwMDAsImRlbGV0ZSI6MTIwMDAwMDAwMDAwMH0sInNjaGVtYV92ZXJzaW9uIjoiMSJ9",
          "dependencies": [
            "aws_vpc.demo"
          ]
        }
      ]
    },
    {
      "mode": "managed",
      "type": "aws_vpc",
      "name": "demo",
      "provider": "provider.aws",
      "instances": [
        {
          "schema_version": 1,
          "attributes": {
            "arn": "arn:aws:ec2:us-west-2:003366844424:vpc/vpc-0fc289e1c212d0166",
            "assign_generated_ipv6_cidr_block": false,
            "cidr_block": "10.0.0.0/16",
            "default_network_acl_id": "acl-05c63a4932bc5cd26",
            "default_route_table_id": "rtb-0458dbf984c046969",
            "default_security_group_id": "sg-0c6af9e0b615ed8e3",
            "dhcp_options_id": "dopt-5e747d3c",
            "enable_classiclink": false,
            "enable_classiclink_dns_support": false,
            "enable_dns_hostnames": false,
            "enable_dns_support": true,
            "id": "vpc-0fc289e1c212d0166",
            "instance_tenancy": "default",
            "ipv6_association_id": "",
            "ipv6_cidr_block": "",
            "main_route_table_id": "rtb-0458dbf984c046969",
            "owner_id": "003366844424",
            "tags": {
              "Name": "terraform-eks-demo-node",
              "kubernetes.io/cluster/terraform-eks-demo": "shared"
            }
          },
          "private": "eyJzY2hlbWFfdmVyc2lvbiI6IjEifQ=="
        }
      ]
    },
    {
      "mode": "managed",
      "type": "helm_release",
      "name": "nginx_ingress",
      "provider": "provider.helm",
      "instances": [
        {
          "schema_version": 0,
          "attributes": {
            "atomic": false,
            "chart": "nginx-ingress",
            "cleanup_on_fail": false,
            "create_namespace": false,
            "dependency_update": false,
            "description": null,
            "devel": null,
            "disable_crd_hooks": false,
            "disable_openapi_validation": false,
            "disable_webhooks": false,
            "force_update": false,
            "id": "nginx-ingres",
            "keyring": null,
            "lint": false,
            "max_history": 0,
            "metadata": [
              {
                "chart": "nginx-ingress",
                "name": "nginx-ingres",
                "namespace": "app",
                "revision": 1,
                "values": "{\"controller\":{\"service\":{\"annotations\":{\"service.beta.kubernetes.io/aws-load-balancer-security-groups\":\"sg-0f32317e1454cd4b3\"},\"loadBalancerSourceRanges\":[\"49.206.13.206/32\",\"0.0.0.0/0\"]}}}",
                "version": "1.33.0"
              }
            ],
            "name": "nginx-ingres",
            "namespace": "app",
            "postrender": [],
            "recreate_pods": false,
            "render_subchart_notes": true,
            "replace": false,
            "repository": "stable",
            "repository_ca_file": null,
            "repository_cert_file": null,
            "repository_key_file": null,
            "repository_password": null,
            "repository_username": null,
            "reset_values": false,
            "reuse_values": false,
            "set": [
              {
                "name": "controller.service.annotations.service\\.beta\\.kubernetes\\.io/aws-load-balancer-security-groups",
                "type": "",
                "value": "sg-0f32317e1454cd4b3"
              },
              {
                "name": "controller.service.loadBalancerSourceRanges",
                "type": "",
                "value": "{49.206.13.206/32,0.0.0.0/0}"
              }
            ],
            "set_sensitive": [],
            "set_string": [],
            "skip_crds": false,
            "status": "deployed",
            "timeout": 300,
            "values": null,
            "verify": false,
            "version": "1.33.0",
            "wait": true
          },
          "private": "bnVsbA==",
          "dependencies": [
            "aws_eks_node_group.demo_private",
            "aws_security_group.demo-cluster",
            "null_resource.wait_nodes_join_cluster",
            "null_resource.wait_nodes_join_cluster_apply_configmap_connecting_node"
          ]
        }
      ]
    },
    {
      "mode": "managed",
      "type": "null_resource",
      "name": "deploy-application-node-js",
      "provider": "provider.null",
      "instances": [
        {
          "schema_version": 0,
          "attributes": {
            "id": "478982810",
            "triggers": {
              "build_number": "2020-07-18T14:48:23Z"
            }
          },
          "private": "bnVsbA==",
          "dependencies": [
            "aws_eks_node_group.demo_private",
            "aws_security_group.demo-cluster",
            "helm_release.nginx_ingress",
            "null_resource.wait_nodes_join_cluster",
            "null_resource.wait_nodes_join_cluster_apply_configmap_connecting_node"
          ]
        }
      ]
    },
    {
      "mode": "managed",
      "type": "null_resource",
      "name": "wait_nodes_join_cluster",
      "provider": "provider.null",
      "instances": [
        {
          "schema_version": 0,
          "attributes": {
            "id": "730123695",
            "triggers": {
              "build_number": "2020-07-18T14:47:29Z"
            }
          },
          "private": "bnVsbA==",
          "dependencies": [
            "aws_eks_node_group.demo_private"
          ]
        }
      ]
    },
    {
      "mode": "managed",
      "type": "null_resource",
      "name": "wait_nodes_join_cluster_apply_configmap_connecting_node",
      "provider": "provider.null",
      "instances": [
        {
          "schema_version": 0,
          "attributes": {
            "id": "713504023",
            "triggers": {
              "build_number": "2020-07-18T14:47:31Z"
            }
          },
          "private": "bnVsbA==",
          "dependencies": [
            "aws_eks_node_group.demo_private",
            "null_resource.wait_nodes_join_cluster"
          ]
        }
      ]
    }
  ]
}
